PODS:
  - Flutter (1.0.0)
  - tensorflotter (0.0.1):
    - Flutter

DEPENDENCIES:
  - Flutter (from `Flutter`)
  - tensorflotter (from `.symlinks/plugins/tensorflotter/ios`)

EXTERNAL SOURCES:
  Flutter:
    :path: Flutter
  tensorflotter:
    :path: ".symlinks/plugins/tensorflotter/ios"

SPEC CHECKSUMS:
  Flutter: 50d75fe2f02b26cc09d224853bb45737f8b3214a
  tensorflotter: b48af2c61a6d18384aa3dafa390fa33f9ef6440f

PODFILE CHECKSUM: aafe91acc616949ddb318b77800a7f51bffa2a4c

COCOAPODS: 1.11.3
